
Microsoft Visual Studio Solution File, Format Version 12.00
# Visual Studio Version 17
VisualStudioVersion = 17.8.34525.116
MinimumVisualStudioVersion = 10.0.40219.1
Project("{8BC9CEB8-8B4A-11D0-8D11-00A0C91BC942}") = "functionsc", "..\functionsc\vc2010\functionsc.vcxproj", "{C541DCB8-B7D1-4B04-A019-2468EC025957}"
EndProject
Project("{8BC9CEB8-8B4A-11D0-8D11-00A0C91BC942}") = "zlib", "..\zlib\vc2010\zlib.vcxproj", "{C55D12E8-B7D1-4B04-A019-2468EC025957}"
EndProject
Project("{8BC9CEB8-8B4A-11D0-8D11-00A0C91BC942}") = "design", "..\design\vc2010\design.vcxproj", "{C541DCB8-B7D1-4B04-A019-1468EC025957}"
	ProjectSection(ProjectDependencies) = postProject
		{C541DCB8-B7D1-4B04-A019-2468EC025957} = {C541DCB8-B7D1-4B04-A019-2468EC025957}
	EndProjectSection
EndProject
Project("{8BC9CEB8-8B4A-11D0-8D11-00A0C91BC942}") = "geom", "..\geom\vc2010\geom.vcxproj", "{B7D36238-B7D1-1114-A229-146C23B85957}"
	ProjectSection(ProjectDependencies) = postProject
		{C541DCB8-B7D1-4B04-A019-2468EC025957} = {C541DCB8-B7D1-4B04-A019-2468EC025957}
	EndProjectSection
EndProject
Project("{8BC9CEB8-8B4A-11D0-8D11-00A0C91BC942}") = "libman", "..\libman\vc2010\libman.vcxproj", "{40791663-8F49-42BF-87D4-4C1249717EE9}"
	ProjectSection(ProjectDependencies) = postProject
		{C541DCB8-B7D1-4B04-A019-2468EC025957} = {C541DCB8-B7D1-4B04-A019-2468EC025957}
	EndProjectSection
EndProject
Project("{8BC9CEB8-8B4A-11D0-8D11-00A0C91BC942}") = "pcb", "..\pcb\vc2010\pcb.vcxproj", "{C541DCB8-B7D1-4B04-A019-146C23B85957}"
	ProjectSection(ProjectDependencies) = postProject
		{C541DCB8-B7D1-4B04-A019-2468EC025957} = {C541DCB8-B7D1-4B04-A019-2468EC025957}
		{C55D12E8-B7D1-4B04-A019-2468EC025957} = {C55D12E8-B7D1-4B04-A019-2468EC025957}
	EndProjectSection
EndProject
Project("{8BC9CEB8-8B4A-11D0-8D11-00A0C91BC942}") = "sch", "..\sch\vc2010\sch.vcxproj", "{C541DCB8-B7D1-1114-A229-146C23B85957}"
	ProjectSection(ProjectDependencies) = postProject
		{C541DCB8-B7D1-4B04-A019-2468EC025957} = {C541DCB8-B7D1-4B04-A019-2468EC025957}
	EndProjectSection
EndProject
Global
	GlobalSection(SolutionConfigurationPlatforms) = preSolution
		Debug|Win32 = Debug|Win32
		Debug|x64 = Debug|x64
		Release|Win32 = Release|Win32
		Release|x64 = Release|x64
	EndGlobalSection
	GlobalSection(ProjectConfigurationPlatforms) = postSolution
		{C541DCB8-B7D1-4B04-A019-2468EC025957}.Debug|Win32.ActiveCfg = Debug|Win32
		{C541DCB8-B7D1-4B04-A019-2468EC025957}.Debug|Win32.Build.0 = Debug|Win32
		{C541DCB8-B7D1-4B04-A019-2468EC025957}.Debug|x64.ActiveCfg = Debug|x64
		{C541DCB8-B7D1-4B04-A019-2468EC025957}.Debug|x64.Build.0 = Debug|x64
		{C541DCB8-B7D1-4B04-A019-2468EC025957}.Release|Win32.ActiveCfg = Release|Win32
		{C541DCB8-B7D1-4B04-A019-2468EC025957}.Release|Win32.Build.0 = Release|Win32
		{C541DCB8-B7D1-4B04-A019-2468EC025957}.Release|x64.ActiveCfg = Release|x64
		{C541DCB8-B7D1-4B04-A019-2468EC025957}.Release|x64.Build.0 = Release|x64
		{C55D12E8-B7D1-4B04-A019-2468EC025957}.Debug|Win32.ActiveCfg = Debug|Win32
		{C55D12E8-B7D1-4B04-A019-2468EC025957}.Debug|Win32.Build.0 = Debug|Win32
		{C55D12E8-B7D1-4B04-A019-2468EC025957}.Debug|x64.ActiveCfg = Debug|x64
		{C55D12E8-B7D1-4B04-A019-2468EC025957}.Debug|x64.Build.0 = Debug|x64
		{C55D12E8-B7D1-4B04-A019-2468EC025957}.Release|Win32.ActiveCfg = Release|Win32
		{C55D12E8-B7D1-4B04-A019-2468EC025957}.Release|Win32.Build.0 = Release|Win32
		{C55D12E8-B7D1-4B04-A019-2468EC025957}.Release|x64.ActiveCfg = Release|x64
		{C55D12E8-B7D1-4B04-A019-2468EC025957}.Release|x64.Build.0 = Release|x64
		{C541DCB8-B7D1-4B04-A019-1468EC025957}.Debug|Win32.ActiveCfg = Debug|Win32
		{C541DCB8-B7D1-4B04-A019-1468EC025957}.Debug|Win32.Build.0 = Debug|Win32
		{C541DCB8-B7D1-4B04-A019-1468EC025957}.Debug|x64.ActiveCfg = Debug|x64
		{C541DCB8-B7D1-4B04-A019-1468EC025957}.Debug|x64.Build.0 = Debug|x64
		{C541DCB8-B7D1-4B04-A019-1468EC025957}.Release|Win32.ActiveCfg = Release|Win32
		{C541DCB8-B7D1-4B04-A019-1468EC025957}.Release|Win32.Build.0 = Release|Win32
		{C541DCB8-B7D1-4B04-A019-1468EC025957}.Release|x64.ActiveCfg = Release|x64
		{C541DCB8-B7D1-4B04-A019-1468EC025957}.Release|x64.Build.0 = Release|x64
		{B7D36238-B7D1-1114-A229-146C23B85957}.Debug|Win32.ActiveCfg = Debug|Win32
		{B7D36238-B7D1-1114-A229-146C23B85957}.Debug|Win32.Build.0 = Debug|Win32
		{B7D36238-B7D1-1114-A229-146C23B85957}.Debug|x64.ActiveCfg = Debug|x64
		{B7D36238-B7D1-1114-A229-146C23B85957}.Debug|x64.Build.0 = Debug|x64
		{B7D36238-B7D1-1114-A229-146C23B85957}.Release|Win32.ActiveCfg = Release|Win32
		{B7D36238-B7D1-1114-A229-146C23B85957}.Release|Win32.Build.0 = Release|Win32
		{B7D36238-B7D1-1114-A229-146C23B85957}.Release|x64.ActiveCfg = Release|x64
		{B7D36238-B7D1-1114-A229-146C23B85957}.Release|x64.Build.0 = Release|x64
		{40791663-8F49-42BF-87D4-4C1249717EE9}.Debug|Win32.ActiveCfg = Debug|Win32
		{40791663-8F49-42BF-87D4-4C1249717EE9}.Debug|Win32.Build.0 = Debug|Win32
		{40791663-8F49-42BF-87D4-4C1249717EE9}.Debug|x64.ActiveCfg = Debug|x64
		{40791663-8F49-42BF-87D4-4C1249717EE9}.Debug|x64.Build.0 = Debug|x64
		{40791663-8F49-42BF-87D4-4C1249717EE9}.Release|Win32.ActiveCfg = Release|Win32
		{40791663-8F49-42BF-87D4-4C1249717EE9}.Release|Win32.Build.0 = Release|Win32
		{40791663-8F49-42BF-87D4-4C1249717EE9}.Release|x64.ActiveCfg = Release|x64
		{40791663-8F49-42BF-87D4-4C1249717EE9}.Release|x64.Build.0 = Release|x64
		{C541DCB8-B7D1-4B04-A019-146C23B85957}.Debug|Win32.ActiveCfg = Debug|Win32
		{C541DCB8-B7D1-4B04-A019-146C23B85957}.Debug|Win32.Build.0 = Debug|Win32
		{C541DCB8-B7D1-4B04-A019-146C23B85957}.Debug|x64.ActiveCfg = Debug|x64
		{C541DCB8-B7D1-4B04-A019-146C23B85957}.Debug|x64.Build.0 = Debug|x64
		{C541DCB8-B7D1-4B04-A019-146C23B85957}.Release|Win32.ActiveCfg = Release|Win32
		{C541DCB8-B7D1-4B04-A019-146C23B85957}.Release|Win32.Build.0 = Release|Win32
		{C541DCB8-B7D1-4B04-A019-146C23B85957}.Release|x64.ActiveCfg = Release|x64
		{C541DCB8-B7D1-4B04-A019-146C23B85957}.Release|x64.Build.0 = Release|x64
		{C541DCB8-B7D1-1114-A229-146C23B85957}.Debug|Win32.ActiveCfg = Debug|Win32
		{C541DCB8-B7D1-1114-A229-146C23B85957}.Debug|Win32.Build.0 = Debug|Win32
		{C541DCB8-B7D1-1114-A229-146C23B85957}.Debug|x64.ActiveCfg = Debug|x64
		{C541DCB8-B7D1-1114-A229-146C23B85957}.Debug|x64.Build.0 = Debug|x64
		{C541DCB8-B7D1-1114-A229-146C23B85957}.Release|Win32.ActiveCfg = Release|Win32
		{C541DCB8-B7D1-1114-A229-146C23B85957}.Release|Win32.Build.0 = Release|Win32
		{C541DCB8-B7D1-1114-A229-146C23B85957}.Release|x64.ActiveCfg = Release|x64
		{C541DCB8-B7D1-1114-A229-146C23B85957}.Release|x64.Build.0 = Release|x64
	EndGlobalSection
	GlobalSection(SolutionProperties) = preSolution
		HideSolutionNode = FALSE
	EndGlobalSection
	GlobalSection(ExtensibilityGlobals) = postSolution
		SolutionGuid = {0C2DBE9C-F5EB-419B-9265-9A8EDE195C0A}
	EndGlobalSection
EndGlobal
